<Solution>
  <Folder Name="/API/">
    <Project Path="SIGER.API/SIGER.API.csproj" />
  </Folder>
  <Folder Name="/Application/">
    <Project Path="SIGER.Application/SIGER.Application.csproj" />
  </Folder>
  <Folder Name="/Core/">
    <Project Path="SIGER.Domain/SIGER.Domain.csproj" />
  </Folder>
  <Folder Name="/Desktop/">
    <Project Path="SIGER.Desktop/SIGER.Desktop.csproj" />
  </Folder>
  <Folder Name="/Infrastructure/">
    <Project Path="SIGER.Infrastructure/SIGER.Infrastructure.csproj" />
  </Folder>
  <Folder Name="/Tests/">
    <Project Path="SIGER.Tests/SIGER.Tests.csproj" />
  </Folder>
  <Folder Name="/Web/">
    <Project Path="siger.web/SIGER.Web.esproj">
      <Build />
      <Deploy />
    </Project>
  </Folder>
</Solution>
